
Microsoft Visual Studio Solution File, Format Version 12.00
# Visual Studio 15
VisualStudioVersion = 15.0.26730.15
MinimumVisualStudioVersion = 10.0.40219.1
Project("{FAE04EC0-301F-11D3-BF4B-00C04F79EFBC}") = "аба1CSharp", "аба1CSharp\аба1CSharp.csproj", "{365F492E-8792-452C-AC23-56308CE9B4DB}"
EndProject
Global
	GlobalSection(SolutionConfigurationPlatforms) = preSolution
		Debug|Any CPU = Debug|Any CPU
		Release|Any CPU = Release|Any CPU
	EndGlobalSection
	GlobalSection(ProjectConfigurationPlatforms) = postSolution
		{365F492E-8792-452C-AC23-56308CE9B4DB}.Debug|Any CPU.ActiveCfg = Debug|Any CPU
		{365F492E-8792-452C-AC23-56308CE9B4DB}.Debug|Any CPU.Build.0 = Debug|Any CPU
		{365F492E-8792-452C-AC23-56308CE9B4DB}.Release|Any CPU.ActiveCfg = Release|Any CPU
		{365F492E-8792-452C-AC23-56308CE9B4DB}.Release|Any CPU.Build.0 = Release|Any CPU
	EndGlobalSection
	GlobalSection(SolutionProperties) = preSolution
		HideSolutionNode = FALSE
	EndGlobalSection
	GlobalSection(ExtensibilityGlobals) = postSolution
		SolutionGuid = {89F6A95D-1D01-46BA-AF47-5FBDEBBDBB83}
	EndGlobalSection
EndGlobal
