
Microsoft Visual Studio Solution File, Format Version 12.00
# Visual Studio 15
VisualStudioVersion = 15.0.28010.2046
MinimumVisualStudioVersion = 10.0.40219.1
Project("{FAE04EC0-301F-11D3-BF4B-00C04F79EFBC}") = "Lab7_Belkina", "Lab7_Belkina\Lab7_Belkina.csproj", "{93E18C22-F0DE-4D06-AC1E-436DAD64345D}"
EndProject
Global
	GlobalSection(SolutionConfigurationPlatforms) = preSolution
		Debug|Any CPU = Debug|Any CPU
		Release|Any CPU = Release|Any CPU
	EndGlobalSection
	GlobalSection(ProjectConfigurationPlatforms) = postSolution
		{93E18C22-F0DE-4D06-AC1E-436DAD64345D}.Debug|Any CPU.ActiveCfg = Debug|Any CPU
		{93E18C22-F0DE-4D06-AC1E-436DAD64345D}.Debug|Any CPU.Build.0 = Debug|Any CPU
		{93E18C22-F0DE-4D06-AC1E-436DAD64345D}.Release|Any CPU.ActiveCfg = Release|Any CPU
		{93E18C22-F0DE-4D06-AC1E-436DAD64345D}.Release|Any CPU.Build.0 = Release|Any CPU
	EndGlobalSection
	GlobalSection(SolutionProperties) = preSolution
		HideSolutionNode = FALSE
	EndGlobalSection
	GlobalSection(ExtensibilityGlobals) = postSolution
		SolutionGuid = {9543EC51-5EC3-4BD3-8730-F5884A248812}
	EndGlobalSection
EndGlobal
